// !$*UTF8*$!
{
	archiveVersion = 1;
	classes = {
	};
	objectVersion = 46;
	objects = {

/* Begin PBXBuildFile section */
		7137AB811C95991D00030DBD /* EaseStartView.m in Sources */ = {isa = PBXBuildFile; fileRef = 7137AB801C95991D00030DBD /* EaseStartView.m */; };
		7137AB841C95A2A200030DBD /* UIView+Frame.m in Sources */ = {isa = PBXBuildFile; fileRef = 7137AB831C95A2A200030DBD /* UIView+Frame.m */; };
		7137AB871C95A8BC00030DBD /* NewFeatureViewController.m in Sources */ = {isa = PBXBuildFile; fileRef = 7137AB861C95A8BC00030DBD /* NewFeatureViewController.m */; };
		7137AB8A1C95AB2500030DBD /* NewFeatureCell.m in Sources */ = {isa = PBXBuildFile; fileRef = 7137AB891C95AB2500030DBD /* NewFeatureCell.m */; };
		7137AB971C95B05000030DBD /* 4_1.jpg in Resources */ = {isa = PBXBuildFile; fileRef = 7137AB8B1C95B05000030DBD /* 4_1.jpg */; };
		7137AB981C95B05000030DBD /* 4_2.jpg in Resources */ = {isa = PBXBuildFile; fileRef = 7137AB8C1C95B05000030DBD /* 4_2.jpg */; };
		7137AB991C95B05000030DBD /* 4_3.jpg in Resources */ = {isa = PBXBuildFile; fileRef = 7137AB8D1C95B05000030DBD /* 4_3.jpg */; };
		7137AB9A1C95B05000030DBD /* 5_1.jpg in Resources */ = {isa = PBXBuildFile; fileRef = 7137AB8E1C95B05000030DBD /* 5_1.jpg */; };
		7137AB9B1C95B05000030DBD /* 5_2.jpg in Resources */ = {isa = PBXBuildFile; fileRef = 7137AB8F1C95B05000030DBD /* 5_2.jpg */; };
		7137AB9C1C95B05000030DBD /* 5_3.jpg in Resources */ = {isa = PBXBuildFile; fileRef = 7137AB901C95B05000030DBD /* 5_3.jpg */; };
		7137AB9D1C95B05000030DBD /* 6_1.jpg in Resources */ = {isa = PBXBuildFile; fileRef = 7137AB911C95B05000030DBD /* 6_1.jpg */; };
		7137AB9E1C95B05000030DBD /* 6_2.jpg in Resources */ = {isa = PBXBuildFile; fileRef = 7137AB921C95B05000030DBD /* 6_2.jpg */; };
		7137AB9F1C95B05000030DBD /* 6_3.jpg in Resources */ = {isa = PBXBuildFile; fileRef = 7137AB931C95B05000030DBD /* 6_3.jpg */; };
		7137ABA01C95B05000030DBD /* 6p_1.jpg in Resources */ = {isa = PBXBuildFile; fileRef = 7137AB941C95B05000030DBD /* 6p_1.jpg */; };
		7137ABA11C95B05000030DBD /* 6p_2.jpg in Resources */ = {isa = PBXBuildFile; fileRef = 7137AB951C95B05000030DBD /* 6p_2.jpg */; };
		7137ABA21C95B05000030DBD /* 6p_3.jpg in Resources */ = {isa = PBXBuildFile; fileRef = 7137AB961C95B05000030DBD /* 6p_3.jpg */; };
		7137ABA81C95B7D500030DBD /* Const.m in Sources */ = {isa = PBXBuildFile; fileRef = 7137ABA71C95B7D500030DBD /* Const.m */; };
		7137ABAE1C95C0D800030DBD /* UIBarButtonItem+Custom.m in Sources */ = {isa = PBXBuildFile; fileRef = 7137ABAD1C95C0D800030DBD /* UIBarButtonItem+Custom.m */; };
		7137ABB51C95C50900030DBD /* VMNavigationController.m in Sources */ = {isa = PBXBuildFile; fileRef = 7137ABB21C95C50900030DBD /* VMNavigationController.m */; };
		7137ABBB1C96312700030DBD /* HotTableViewController.m in Sources */ = {isa = PBXBuildFile; fileRef = 7137ABBA1C96312700030DBD /* HotTableViewController.m */; };
		7137ABBE1C96313B00030DBD /* LatestTableViewController.m in Sources */ = {isa = PBXBuildFile; fileRef = 7137ABBD1C96313B00030DBD /* LatestTableViewController.m */; };
		7137ABC11C963F4D00030DBD /* VMNavigationBar.m in Sources */ = {isa = PBXBuildFile; fileRef = 7137ABC01C963F4D00030DBD /* VMNavigationBar.m */; };
		7137ABC41C96EA0200030DBD /* Movie.m in Sources */ = {isa = PBXBuildFile; fileRef = 7137ABC31C96EA0200030DBD /* Movie.m */; };
		7137ABC71C96ED5700030DBD /* MovieCell.m in Sources */ = {isa = PBXBuildFile; fileRef = 7137ABC61C96ED5700030DBD /* MovieCell.m */; };
		7137ABCD1C96FE5100030DBD /* RatingView.m in Sources */ = {isa = PBXBuildFile; fileRef = 7137ABCC1C96FE5100030DBD /* RatingView.m */; };
		71FB50681C94579B00771990 /* main.m in Sources */ = {isa = PBXBuildFile; fileRef = 71FB50671C94579B00771990 /* main.m */; };
		71FB506B1C94579B00771990 /* AppDelegate.m in Sources */ = {isa = PBXBuildFile; fileRef = 71FB506A1C94579B00771990 /* AppDelegate.m */; };
		71FB50731C94579B00771990 /* Assets.xcassets in Resources */ = {isa = PBXBuildFile; fileRef = 71FB50721C94579B00771990 /* Assets.xcassets */; };
		71FB50811C94579B00771990 /* VMovieTests.m in Sources */ = {isa = PBXBuildFile; fileRef = 71FB50801C94579B00771990 /* VMovieTests.m */; };
		71FB508C1C94579B00771990 /* VMovieUITests.m in Sources */ = {isa = PBXBuildFile; fileRef = 71FB508B1C94579B00771990 /* VMovieUITests.m */; };
		71FB50C71C945C2D00771990 /* HomeViewController.m in Sources */ = {isa = PBXBuildFile; fileRef = 71FB50C61C945C2D00771990 /* HomeViewController.m */; };
		9BECF1B83480CC97727A2CDD /* Pods.framework in Frameworks */ = {isa = PBXBuildFile; fileRef = 2661CB35C065D94720F20F4D /* Pods.framework */; };
/* End PBXBuildFile section */

/* Begin PBXContainerItemProxy section */
		71FB507D1C94579B00771990 /* PBXContainerItemProxy */ = {
			isa = PBXContainerItemProxy;
			containerPortal = 71FB505B1C94579B00771990 /* Project object */;
			proxyType = 1;
			remoteGlobalIDString = 71FB50621C94579B00771990;
			remoteInfo = VMovie;
		};
		71FB50881C94579B00771990 /* PBXContainerItemProxy */ = {
			isa = PBXContainerItemProxy;
			containerPortal = 71FB505B1C94579B00771990 /* Project object */;
			proxyType = 1;
			remoteGlobalIDString = 71FB50621C94579B00771990;
			remoteInfo = VMovie;
		};
/* End PBXContainerItemProxy section */

/* Begin PBXFileReference section */
		2661CB35C065D94720F20F4D /* Pods.framework */ = {isa = PBXFileReference; explicitFileType = wrapper.framework; includeInIndex = 0; path = Pods.framework; sourceTree = BUILT_PRODUCTS_DIR; };
		444E47E3F1E6E87DFE976AD5 /* Pods.release.xcconfig */ = {isa = PBXFileReference; includeInIndex = 1; lastKnownFileType = text.xcconfig; name = Pods.release.xcconfig; path = "Pods/Target Support Files/Pods/Pods.release.xcconfig"; sourceTree = "<group>"; };
		7137AB7F1C95991D00030DBD /* EaseStartView.h */ = {isa = PBXFileReference; fileEncoding = 4; lastKnownFileType = sourcecode.c.h; path = EaseStartView.h; sourceTree = "<group>"; };
		7137AB801C95991D00030DBD /* EaseStartView.m */ = {isa = PBXFileReference; fileEncoding = 4; lastKnownFileType = sourcecode.c.objc; path = EaseStartView.m; sourceTree = "<group>"; };
		7137AB821C95A2A200030DBD /* UIView+Frame.h */ = {isa = PBXFileReference; fileEncoding = 4; lastKnownFileType = sourcecode.c.h; name = "UIView+Frame.h"; path = "../UIView+Frame.h"; sourceTree = "<group>"; };
		7137AB831C95A2A200030DBD /* UIView+Frame.m */ = {isa = PBXFileReference; fileEncoding = 4; lastKnownFileType = sourcecode.c.objc; name = "UIView+Frame.m"; path = "../UIView+Frame.m"; sourceTree = "<group>"; };
		7137AB851C95A8BC00030DBD /* NewFeatureViewController.h */ = {isa = PBXFileReference; fileEncoding = 4; lastKnownFileType = sourcecode.c.h; path = NewFeatureViewController.h; sourceTree = "<group>"; };
		7137AB861C95A8BC00030DBD /* NewFeatureViewController.m */ = {isa = PBXFileReference; fileEncoding = 4; lastKnownFileType = sourcecode.c.objc; path = NewFeatureViewController.m; sourceTree = "<group>"; };
		7137AB881C95AB2500030DBD /* NewFeatureCell.h */ = {isa = PBXFileReference; fileEncoding = 4; lastKnownFileType = sourcecode.c.h; path = NewFeatureCell.h; sourceTree = "<group>"; };
		7137AB891C95AB2500030DBD /* NewFeatureCell.m */ = {isa = PBXFileReference; fileEncoding = 4; lastKnownFileType = sourcecode.c.objc; path = NewFeatureCell.m; sourceTree = "<group>"; };
		7137AB8B1C95B05000030DBD /* 4_1.jpg */ = {isa = PBXFileReference; lastKnownFileType = image.jpeg; path = 4_1.jpg; sourceTree = "<group>"; };
		7137AB8C1C95B05000030DBD /* 4_2.jpg */ = {isa = PBXFileReference; lastKnownFileType = image.jpeg; path = 4_2.jpg; sourceTree = "<group>"; };
		7137AB8D1C95B05000030DBD /* 4_3.jpg */ = {isa = PBXFileReference; lastKnownFileType = image.jpeg; path = 4_3.jpg; sourceTree = "<group>"; };
		7137AB8E1C95B05000030DBD /* 5_1.jpg */ = {isa = PBXFileReference; lastKnownFileType = image.jpeg; path = 5_1.jpg; sourceTree = "<group>"; };
		7137AB8F1C95B05000030DBD /* 5_2.jpg */ = {isa = PBXFileReference; lastKnownFileType = image.jpeg; path = 5_2.jpg; sourceTree = "<group>"; };
		7137AB901C95B05000030DBD /* 5_3.jpg */ = {isa = PBXFileReference; lastKnownFileType = image.jpeg; path = 5_3.jpg; sourceTree = "<group>"; };
		7137AB911C95B05000030DBD /* 6_1.jpg */ = {isa = PBXFileReference; lastKnownFileType = image.jpeg; path = 6_1.jpg; sourceTree = "<group>"; };
		7137AB921C95B05000030DBD /* 6_2.jpg */ = {isa = PBXFileReference; lastKnownFileType = image.jpeg; path = 6_2.jpg; sourceTree = "<group>"; };
		7137AB931C95B05000030DBD /* 6_3.jpg */ = {isa = PBXFileReference; lastKnownFileType = image.jpeg; path = 6_3.jpg; sourceTree = "<group>"; };
		7137AB941C95B05000030DBD /* 6p_1.jpg */ = {isa = PBXFileReference; lastKnownFileType = image.jpeg; path = 6p_1.jpg; sourceTree = "<group>"; };
		7137AB951C95B05000030DBD /* 6p_2.jpg */ = {isa = PBXFileReference; lastKnownFileType = image.jpeg; path = 6p_2.jpg; sourceTree = "<group>"; };
		7137AB961C95B05000030DBD /* 6p_3.jpg */ = {isa = PBXFileReference; lastKnownFileType = image.jpeg; path = 6p_3.jpg; sourceTree = "<group>"; };
		7137ABA61C95B7D500030DBD /* Const.h */ = {isa = PBXFileReference; fileEncoding = 4; lastKnownFileType = sourcecode.c.h; path = Const.h; sourceTree = "<group>"; };
		7137ABA71C95B7D500030DBD /* Const.m */ = {isa = PBXFileReference; fileEncoding = 4; lastKnownFileType = sourcecode.c.objc; path = Const.m; sourceTree = "<group>"; };
		7137ABAC1C95C0D800030DBD /* UIBarButtonItem+Custom.h */ = {isa = PBXFileReference; fileEncoding = 4; lastKnownFileType = sourcecode.c.h; path = "UIBarButtonItem+Custom.h"; sourceTree = "<group>"; };
		7137ABAD1C95C0D800030DBD /* UIBarButtonItem+Custom.m */ = {isa = PBXFileReference; fileEncoding = 4; lastKnownFileType = sourcecode.c.objc; path = "UIBarButtonItem+Custom.m"; sourceTree = "<group>"; };
		7137ABB11C95C50900030DBD /* VMNavigationController.h */ = {isa = PBXFileReference; fileEncoding = 4; lastKnownFileType = sourcecode.c.h; path = VMNavigationController.h; sourceTree = "<group>"; };
		7137ABB21C95C50900030DBD /* VMNavigationController.m */ = {isa = PBXFileReference; fileEncoding = 4; lastKnownFileType = sourcecode.c.objc; path = VMNavigationController.m; sourceTree = "<group>"; };
		7137ABB91C96312700030DBD /* HotTableViewController.h */ = {isa = PBXFileReference; fileEncoding = 4; lastKnownFileType = sourcecode.c.h; path = HotTableViewController.h; sourceTree = "<group>"; };
		7137ABBA1C96312700030DBD /* HotTableViewController.m */ = {isa = PBXFileReference; fileEncoding = 4; lastKnownFileType = sourcecode.c.objc; path = HotTableViewController.m; sourceTree = "<group>"; };
		7137ABBC1C96313B00030DBD /* LatestTableViewController.h */ = {isa = PBXFileReference; fileEncoding = 4; lastKnownFileType = sourcecode.c.h; path = LatestTableViewController.h; sourceTree = "<group>"; };
		7137ABBD1C96313B00030DBD /* LatestTableViewController.m */ = {isa = PBXFileReference; fileEncoding = 4; lastKnownFileType = sourcecode.c.objc; path = LatestTableViewController.m; sourceTree = "<group>"; };
		7137ABBF1C963F4D00030DBD /* VMNavigationBar.h */ = {isa = PBXFileReference; fileEncoding = 4; lastKnownFileType = sourcecode.c.h; path = VMNavigationBar.h; sourceTree = "<group>"; };
		7137ABC01C963F4D00030DBD /* VMNavigationBar.m */ = {isa = PBXFileReference; fileEncoding = 4; lastKnownFileType = sourcecode.c.objc; path = VMNavigationBar.m; sourceTree = "<group>"; };
		7137ABC21C96EA0200030DBD /* Movie.h */ = {isa = PBXFileReference; fileEncoding = 4; lastKnownFileType = sourcecode.c.h; path = Movie.h; sourceTree = "<group>"; };
		7137ABC31C96EA0200030DBD /* Movie.m */ = {isa = PBXFileReference; fileEncoding = 4; lastKnownFileType = sourcecode.c.objc; path = Movie.m; sourceTree = "<group>"; };
		7137ABC51C96ED5700030DBD /* MovieCell.h */ = {isa = PBXFileReference; fileEncoding = 4; lastKnownFileType = sourcecode.c.h; path = MovieCell.h; sourceTree = "<group>"; };
		7137ABC61C96ED5700030DBD /* MovieCell.m */ = {isa = PBXFileReference; fileEncoding = 4; lastKnownFileType = sourcecode.c.objc; path = MovieCell.m; sourceTree = "<group>"; };
		7137ABCB1C96FE5100030DBD /* RatingView.h */ = {isa = PBXFileReference; fileEncoding = 4; lastKnownFileType = sourcecode.c.h; path = RatingView.h; sourceTree = "<group>"; };
		7137ABCC1C96FE5100030DBD /* RatingView.m */ = {isa = PBXFileReference; fileEncoding = 4; lastKnownFileType = sourcecode.c.objc; path = RatingView.m; sourceTree = "<group>"; };
		71FB50631C94579B00771990 /* VMovie.app */ = {isa = PBXFileReference; explicitFileType = wrapper.application; includeInIndex = 0; path = VMovie.app; sourceTree = BUILT_PRODUCTS_DIR; };
		71FB50671C94579B00771990 /* main.m */ = {isa = PBXFileReference; lastKnownFileType = sourcecode.c.objc; path = main.m; sourceTree = "<group>"; };
		71FB50691C94579B00771990 /* AppDelegate.h */ = {isa = PBXFileReference; lastKnownFileType = sourcecode.c.h; path = AppDelegate.h; sourceTree = "<group>"; };
		71FB506A1C94579B00771990 /* AppDelegate.m */ = {isa = PBXFileReference; lastKnownFileType = sourcecode.c.objc; path = AppDelegate.m; sourceTree = "<group>"; };
		71FB50721C94579B00771990 /* Assets.xcassets */ = {isa = PBXFileReference; lastKnownFileType = folder.assetcatalog; path = Assets.xcassets; sourceTree = "<group>"; };
		71FB50771C94579B00771990 /* Info.plist */ = {isa = PBXFileReference; lastKnownFileType = text.plist.xml; path = Info.plist; sourceTree = "<group>"; };
		71FB507C1C94579B00771990 /* VMovieTests.xctest */ = {isa = PBXFileReference; explicitFileType = wrapper.cfbundle; includeInIndex = 0; path = VMovieTests.xctest; sourceTree = BUILT_PRODUCTS_DIR; };
		71FB50801C94579B00771990 /* VMovieTests.m */ = {isa = PBXFileReference; lastKnownFileType = sourcecode.c.objc; path = VMovieTests.m; sourceTree = "<group>"; };
		71FB50821C94579B00771990 /* Info.plist */ = {isa = PBXFileReference; lastKnownFileType = text.plist.xml; path = Info.plist; sourceTree = "<group>"; };
		71FB50871C94579B00771990 /* VMovieUITests.xctest */ = {isa = PBXFileReference; explicitFileType = wrapper.cfbundle; includeInIndex = 0; path = VMovieUITests.xctest; sourceTree = BUILT_PRODUCTS_DIR; };
		71FB508B1C94579B00771990 /* VMovieUITests.m */ = {isa = PBXFileReference; lastKnownFileType = sourcecode.c.objc; path = VMovieUITests.m; sourceTree = "<group>"; };
		71FB508D1C94579B00771990 /* Info.plist */ = {isa = PBXFileReference; lastKnownFileType = text.plist.xml; path = Info.plist; sourceTree = "<group>"; };
		71FB50C51C945C2D00771990 /* HomeViewController.h */ = {isa = PBXFileReference; fileEncoding = 4; lastKnownFileType = sourcecode.c.h; path = HomeViewController.h; sourceTree = "<group>"; };
		71FB50C61C945C2D00771990 /* HomeViewController.m */ = {isa = PBXFileReference; fileEncoding = 4; lastKnownFileType = sourcecode.c.objc; path = HomeViewController.m; sourceTree = "<group>"; };
		71FB50C81C945C7400771990 /* Macros.h */ = {isa = PBXFileReference; lastKnownFileType = sourcecode.c.h; path = Macros.h; sourceTree = "<group>"; };
		71FB50C91C945C8A00771990 /* VMovie.pch */ = {isa = PBXFileReference; lastKnownFileType = sourcecode.c.h; path = VMovie.pch; sourceTree = "<group>"; };
		913C6E2F688A9CAA8275DDD7 /* Pods.debug.xcconfig */ = {isa = PBXFileReference; includeInIndex = 1; lastKnownFileType = text.xcconfig; name = Pods.debug.xcconfig; path = "Pods/Target Support Files/Pods/Pods.debug.xcconfig"; sourceTree = "<group>"; };
/* End PBXFileReference section */

/* Begin PBXFrameworksBuildPhase section */
		71FB50601C94579B00771990 /* Frameworks */ = {
			isa = PBXFrameworksBuildPhase;
			buildActionMask = 2147483647;
			files = (
				9BECF1B83480CC97727A2CDD /* Pods.framework in Frameworks */,
			);
			runOnlyForDeploymentPostprocessing = 0;
		};
		71FB50791C94579B00771990 /* Frameworks */ = {
			isa = PBXFrameworksBuildPhase;
			buildActionMask = 2147483647;
			files = (
			);
			runOnlyForDeploymentPostprocessing = 0;
		};
		71FB50841C94579B00771990 /* Frameworks */ = {
			isa = PBXFrameworksBuildPhase;
			buildActionMask = 2147483647;
			files = (
			);
			runOnlyForDeploymentPostprocessing = 0;
		};
/* End PBXFrameworksBuildPhase section */

/* Begin PBXGroup section */
		02F64D2822E49AC8BBC01E55 /* Pods */ = {
			isa = PBXGroup;
			children = (
				913C6E2F688A9CAA8275DDD7 /* Pods.debug.xcconfig */,
				444E47E3F1E6E87DFE976AD5 /* Pods.release.xcconfig */,
			);
			name = Pods;
			sourceTree = "<group>";
		};
		7137AB7B1C9598F600030DBD /* NewFeature */ = {
			isa = PBXGroup;
			children = (
				7137AB7C1C9598F600030DBD /* Controller */,
				7137AB7D1C9598F600030DBD /* Model */,
				7137AB7E1C9598F600030DBD /* View */,
			);
			path = NewFeature;
			sourceTree = "<group>";
		};
		7137AB7C1C9598F600030DBD /* Controller */ = {
			isa = PBXGroup;
			children = (
				7137AB851C95A8BC00030DBD /* NewFeatureViewController.h */,
				7137AB861C95A8BC00030DBD /* NewFeatureViewController.m */,
			);
			path = Controller;
			sourceTree = "<group>";
		};
		7137AB7D1C9598F600030DBD /* Model */ = {
			isa = PBXGroup;
			children = (
			);
			path = Model;
			sourceTree = "<group>";
		};
		7137AB7E1C9598F600030DBD /* View */ = {
			isa = PBXGroup;
			children = (
				7137AB7F1C95991D00030DBD /* EaseStartView.h */,
				7137AB801C95991D00030DBD /* EaseStartView.m */,
				7137AB881C95AB2500030DBD /* NewFeatureCell.h */,
				7137AB891C95AB2500030DBD /* NewFeatureCell.m */,
			);
			path = View;
			sourceTree = "<group>";
		};
		7137ABAF1C95C50900030DBD /* Other */ = {
			isa = PBXGroup;
			children = (
				7137ABB01C95C50900030DBD /* Controller */,
				7137ABB31C95C50900030DBD /* Model */,
				7137ABB41C95C50900030DBD /* View */,
			);
			path = Other;
			sourceTree = "<group>";
		};
		7137ABB01C95C50900030DBD /* Controller */ = {
			isa = PBXGroup;
			children = (
				7137ABB11C95C50900030DBD /* VMNavigationController.h */,
				7137ABB21C95C50900030DBD /* VMNavigationController.m */,
			);
			path = Controller;
			sourceTree = "<group>";
		};
		7137ABB31C95C50900030DBD /* Model */ = {
			isa = PBXGroup;
			children = (
			);
			path = Model;
			sourceTree = "<group>";
		};
		7137ABB41C95C50900030DBD /* View */ = {
			isa = PBXGroup;
			children = (
				7137ABBF1C963F4D00030DBD /* VMNavigationBar.h */,
				7137ABC01C963F4D00030DBD /* VMNavigationBar.m */,
			);
			path = View;
			sourceTree = "<group>";
		};
		71FB505A1C94579B00771990 = {
			isa = PBXGroup;
			children = (
				71FB50651C94579B00771990 /* VMovie */,
				71FB507F1C94579B00771990 /* VMovieTests */,
				71FB508A1C94579B00771990 /* VMovieUITests */,
				71FB50641C94579B00771990 /* Products */,
				02F64D2822E49AC8BBC01E55 /* Pods */,
				DFC38E166A0BE0F157392D47 /* Frameworks */,
			);
			sourceTree = "<group>";
		};
		71FB50641C94579B00771990 /* Products */ = {
			isa = PBXGroup;
			children = (
				71FB50631C94579B00771990 /* VMovie.app */,
				71FB507C1C94579B00771990 /* VMovieTests.xctest */,
				71FB50871C94579B00771990 /* VMovieUITests.xctest */,
			);
			name = Products;
			sourceTree = "<group>";
		};
		71FB50651C94579B00771990 /* VMovie */ = {
			isa = PBXGroup;
			children = (
				71FB50691C94579B00771990 /* AppDelegate.h */,
				71FB506A1C94579B00771990 /* AppDelegate.m */,
				71FB50B81C945B1A00771990 /* Expand */,
				71FB50B71C945B1400771990 /* Main */,
				71FB50BE1C945B2400771990 /* Resource */,
				71FB50B61C945B0E00771990 /* Vendor */,
				71FB50661C94579B00771990 /* Supporting Files */,
			);
			path = VMovie;
			sourceTree = "<group>";
		};
		71FB50661C94579B00771990 /* Supporting Files */ = {
			isa = PBXGroup;
			children = (
				71FB50771C94579B00771990 /* Info.plist */,
				71FB50721C94579B00771990 /* Assets.xcassets */,
				71FB50671C94579B00771990 /* main.m */,
				71FB50C91C945C8A00771990 /* VMovie.pch */,
			);
			name = "Supporting Files";
			sourceTree = "<group>";
		};
		71FB507F1C94579B00771990 /* VMovieTests */ = {
			isa = PBXGroup;
			children = (
				71FB50801C94579B00771990 /* VMovieTests.m */,
				71FB50821C94579B00771990 /* Info.plist */,
			);
			path = VMovieTests;
			sourceTree = "<group>";
		};
		71FB508A1C94579B00771990 /* VMovieUITests */ = {
			isa = PBXGroup;
			children = (
				71FB508B1C94579B00771990 /* VMovieUITests.m */,
				71FB508D1C94579B00771990 /* Info.plist */,
			);
			path = VMovieUITests;
			sourceTree = "<group>";
		};
		71FB50B61C945B0E00771990 /* Vendor */ = {
			isa = PBXGroup;
			children = (
			);
			path = Vendor;
			sourceTree = "<group>";
		};
		71FB50B71C945B1400771990 /* Main */ = {
			isa = PBXGroup;
			children = (
				7137ABAF1C95C50900030DBD /* Other */,
				7137AB7B1C9598F600030DBD /* NewFeature */,
				71FB50C11C945C1B00771990 /* Home */,
			);
			path = Main;
			sourceTree = "<group>";
		};
		71FB50B81C945B1A00771990 /* Expand */ = {
			isa = PBXGroup;
			children = (
				71FB50B91C945B1A00771990 /* Category */,
				71FB50BA1C945B1A00771990 /* Const */,
				71FB50BB1C945B1A00771990 /* Database */,
				71FB50BC1C945B1A00771990 /* Macros */,
				71FB50BD1C945B1A00771990 /* Network */,
			);
			path = Expand;
			sourceTree = "<group>";
		};
		71FB50B91C945B1A00771990 /* Category */ = {
			isa = PBXGroup;
			children = (
				7137AB821C95A2A200030DBD /* UIView+Frame.h */,
				7137AB831C95A2A200030DBD /* UIView+Frame.m */,
				7137ABAC1C95C0D800030DBD /* UIBarButtonItem+Custom.h */,
				7137ABAD1C95C0D800030DBD /* UIBarButtonItem+Custom.m */,
			);
			path = Category;
			sourceTree = "<group>";
		};
		71FB50BA1C945B1A00771990 /* Const */ = {
			isa = PBXGroup;
			children = (
				7137ABA61C95B7D500030DBD /* Const.h */,
				7137ABA71C95B7D500030DBD /* Const.m */,
			);
			path = Const;
			sourceTree = "<group>";
		};
		71FB50BB1C945B1A00771990 /* Database */ = {
			isa = PBXGroup;
			children = (
			);
			path = Database;
			sourceTree = "<group>";
		};
		71FB50BC1C945B1A00771990 /* Macros */ = {
			isa = PBXGroup;
			children = (
				71FB50C81C945C7400771990 /* Macros.h */,
			);
			path = Macros;
			sourceTree = "<group>";
		};
		71FB50BD1C945B1A00771990 /* Network */ = {
			isa = PBXGroup;
			children = (
			);
			path = Network;
			sourceTree = "<group>";
		};
		71FB50BE1C945B2400771990 /* Resource */ = {
			isa = PBXGroup;
			children = (
				71FB50BF1C945B2400771990 /* Image */,
				71FB50C01C945B2400771990 /* Plist */,
			);
			name = Resource;
			path = Vendor/Resource;
			sourceTree = "<group>";
		};
		71FB50BF1C945B2400771990 /* Image */ = {
			isa = PBXGroup;
			children = (
				7137AB8B1C95B05000030DBD /* 4_1.jpg */,
				7137AB8C1C95B05000030DBD /* 4_2.jpg */,
				7137AB8D1C95B05000030DBD /* 4_3.jpg */,
				7137AB8E1C95B05000030DBD /* 5_1.jpg */,
				7137AB8F1C95B05000030DBD /* 5_2.jpg */,
				7137AB901C95B05000030DBD /* 5_3.jpg */,
				7137AB911C95B05000030DBD /* 6_1.jpg */,
				7137AB921C95B05000030DBD /* 6_2.jpg */,
				7137AB931C95B05000030DBD /* 6_3.jpg */,
				7137AB941C95B05000030DBD /* 6p_1.jpg */,
				7137AB951C95B05000030DBD /* 6p_2.jpg */,
				7137AB961C95B05000030DBD /* 6p_3.jpg */,
			);
			path = Image;
			sourceTree = "<group>";
		};
		71FB50C01C945B2400771990 /* Plist */ = {
			isa = PBXGroup;
			children = (
			);
			path = Plist;
			sourceTree = "<group>";
		};
		71FB50C11C945C1B00771990 /* Home */ = {
			isa = PBXGroup;
			children = (
				71FB50C21C945C1B00771990 /* Controller */,
				71FB50C31C945C1B00771990 /* Model */,
				71FB50C41C945C1B00771990 /* View */,
			);
			path = Home;
			sourceTree = "<group>";
		};
		71FB50C21C945C1B00771990 /* Controller */ = {
			isa = PBXGroup;
			children = (
				71FB50C51C945C2D00771990 /* HomeViewController.h */,
				71FB50C61C945C2D00771990 /* HomeViewController.m */,
				7137ABB91C96312700030DBD /* HotTableViewController.h */,
				7137ABBA1C96312700030DBD /* HotTableViewController.m */,
				7137ABBC1C96313B00030DBD /* LatestTableViewController.h */,
				7137ABBD1C96313B00030DBD /* LatestTableViewController.m */,
			);
			path = Controller;
			sourceTree = "<group>";
		};
		71FB50C31C945C1B00771990 /* Model */ = {
			isa = PBXGroup;
			children = (
				7137ABC21C96EA0200030DBD /* Movie.h */,
				7137ABC31C96EA0200030DBD /* Movie.m */,
			);
			path = Model;
			sourceTree = "<group>";
		};
		71FB50C41C945C1B00771990 /* View */ = {
			isa = PBXGroup;
			children = (
				7137ABC51C96ED5700030DBD /* MovieCell.h */,
				7137ABC61C96ED5700030DBD /* MovieCell.m */,
				7137ABCB1C96FE5100030DBD /* RatingView.h */,
				7137ABCC1C96FE5100030DBD /* RatingView.m */,
			);
			path = View;
			sourceTree = "<group>";
		};
		DFC38E166A0BE0F157392D47 /* Frameworks */ = {
			isa = PBXGroup;
			children = (
				2661CB35C065D94720F20F4D /* Pods.framework */,
			);
			name = Frameworks;
			sourceTree = "<group>";
		};
/* End PBXGroup section */

/* Begin PBXNativeTarget section */
		71FB50621C94579B00771990 /* VMovie */ = {
			isa = PBXNativeTarget;
			buildConfigurationList = 71FB50901C94579B00771990 /* Build configuration list for PBXNativeTarget "VMovie" */;
			buildPhases = (
				BF9AD432A5FB8C0398B5B5A8 /* Check Pods Manifest.lock */,
				71FB505F1C94579B00771990 /* Sources */,
				71FB50601C94579B00771990 /* Frameworks */,
				71FB50611C94579B00771990 /* Resources */,
				4EFE69EBA8727F5DDCDD2BF2 /* Embed Pods Frameworks */,
				CE7BE9F1C20FA38A470C5712 /* Copy Pods Resources */,
			);
			buildRules = (
			);
			dependencies = (
			);
			name = VMovie;
			productName = VMovie;
			productReference = 71FB50631C94579B00771990 /* VMovie.app */;
			productType = "com.apple.product-type.application";
		};
		71FB507B1C94579B00771990 /* VMovieTests */ = {
			isa = PBXNativeTarget;
			buildConfigurationList = 71FB50931C94579B00771990 /* Build configuration list for PBXNativeTarget "VMovieTests" */;
			buildPhases = (
				71FB50781C94579B00771990 /* Sources */,
				71FB50791C94579B00771990 /* Frameworks */,
				71FB507A1C94579B00771990 /* Resources */,
			);
			buildRules = (
			);
			dependencies = (
				71FB507E1C94579B00771990 /* PBXTargetDependency */,
			);
			name = VMovieTests;
			productName = VMovieTests;
			productReference = 71FB507C1C94579B00771990 /* VMovieTests.xctest */;
			productType = "com.apple.product-type.bundle.unit-test";
		};
		71FB50861C94579B00771990 /* VMovieUITests */ = {
			isa = PBXNativeTarget;
			buildConfigurationList = 71FB50961C94579B00771990 /* Build configuration list for PBXNativeTarget "VMovieUITests" */;
			buildPhases = (
				71FB50831C94579B00771990 /* Sources */,
				71FB50841C94579B00771990 /* Frameworks */,
				71FB50851C94579B00771990 /* Resources */,
			);
			buildRules = (
			);
			dependencies = (
				71FB50891C94579B00771990 /* PBXTargetDependency */,
			);
			name = VMovieUITests;
			productName = VMovieUITests;
			productReference = 71FB50871C94579B00771990 /* VMovieUITests.xctest */;
			productType = "com.apple.product-type.bundle.ui-testing";
		};
/* End PBXNativeTarget section */

/* Begin PBXProject section */
		71FB505B1C94579B00771990 /* Project object */ = {
			isa = PBXProject;
			attributes = {
				LastUpgradeCheck = 0720;
				ORGANIZATIONNAME = wyz;
				TargetAttributes = {
					71FB50621C94579B00771990 = {
						CreatedOnToolsVersion = 7.2.1;
					};
					71FB507B1C94579B00771990 = {
						CreatedOnToolsVersion = 7.2.1;
						TestTargetID = 71FB50621C94579B00771990;
					};
					71FB50861C94579B00771990 = {
						CreatedOnToolsVersion = 7.2.1;
						TestTargetID = 71FB50621C94579B00771990;
					};
				};
			};
			buildConfigurationList = 71FB505E1C94579B00771990 /* Build configuration list for PBXProject "VMovie" */;
			compatibilityVersion = "Xcode 3.2";
			developmentRegion = English;
			hasScannedForEncodings = 0;
			knownRegions = (
				en,
				Base,
			);
			mainGroup = 71FB505A1C94579B00771990;
			productRefGroup = 71FB50641C94579B00771990 /* Products */;
			projectDirPath = "";
			projectRoot = "";
			targets = (
				71FB50621C94579B00771990 /* VMovie */,
				71FB507B1C94579B00771990 /* VMovieTests */,
				71FB50861C94579B00771990 /* VMovieUITests */,
			);
		};
/* End PBXProject section */

/* Begin PBXResourcesBuildPhase section */
		71FB50611C94579B00771990 /* Resources */ = {
			isa = PBXResourcesBuildPhase;
			buildActionMask = 2147483647;
			files = (
				7137AB9E1C95B05000030DBD /* 6_2.jpg in Resources */,
				7137AB9B1C95B05000030DBD /* 5_2.jpg in Resources */,
				7137ABA11C95B05000030DBD /* 6p_2.jpg in Resources */,
				7137AB9A1C95B05000030DBD /* 5_1.jpg in Resources */,
				7137AB991C95B05000030DBD /* 4_3.jpg in Resources */,
				7137AB9F1C95B05000030DBD /* 6_3.jpg in Resources */,
				7137ABA21C95B05000030DBD /* 6p_3.jpg in Resources */,
				7137AB981C95B05000030DBD /* 4_2.jpg in Resources */,
				7137AB9D1C95B05000030DBD /* 6_1.jpg in Resources */,
				7137AB971C95B05000030DBD /* 4_1.jpg in Resources */,
				7137ABA01C95B05000030DBD /* 6p_1.jpg in Resources */,
				7137AB9C1C95B05000030DBD /* 5_3.jpg in Resources */,
				71FB50731C94579B00771990 /* Assets.xcassets in Resources */,
			);
			runOnlyForDeploymentPostprocessing = 0;
		};
		71FB507A1C94579B00771990 /* Resources */ = {
			isa = PBXResourcesBuildPhase;
			buildActionMask = 2147483647;
			files = (
			);
			runOnlyForDeploymentPostprocessing = 0;
		};
		71FB50851C94579B00771990 /* Resources */ = {
			isa = PBXResourcesBuildPhase;
			buildActionMask = 2147483647;
			files = (
			);
			runOnlyForDeploymentPostprocessing = 0;
		};
/* End PBXResourcesBuildPhase section */

/* Begin PBXShellScriptBuildPhase section */
		4EFE69EBA8727F5DDCDD2BF2 /* Embed Pods Frameworks */ = {
			isa = PBXShellScriptBuildPhase;
			buildActionMask = 2147483647;
			files = (
			);
			inputPaths = (
			);
			name = "Embed Pods Frameworks";
			outputPaths = (
			);
			runOnlyForDeploymentPostprocessing = 0;
			shellPath = /bin/sh;
			shellScript = "\"${SRCROOT}/Pods/Target Support Files/Pods/Pods-frameworks.sh\"\n";
			showEnvVarsInLog = 0;
		};
		BF9AD432A5FB8C0398B5B5A8 /* Check Pods Manifest.lock */ = {
			isa = PBXShellScriptBuildPhase;
			buildActionMask = 2147483647;
			files = (
			);
			inputPaths = (
			);
			name = "Check Pods Manifest.lock";
			outputPaths = (
			);
			runOnlyForDeploymentPostprocessing = 0;
			shellPath = /bin/sh;
			shellScript = "diff \"${PODS_ROOT}/../Podfile.lock\" \"${PODS_ROOT}/Manifest.lock\" > /dev/null\nif [[ $? != 0 ]] ; then\n    cat << EOM\nerror: The sandbox is not in sync with the Podfile.lock. Run 'pod install' or update your CocoaPods installation.\nEOM\n    exit 1\nfi\n";
			showEnvVarsInLog = 0;
		};
		CE7BE9F1C20FA38A470C5712 /* Copy Pods Resources */ = {
			isa = PBXShellScriptBuildPhase;
			buildActionMask = 2147483647;
			files = (
			);
			inputPaths = (
			);
			name = "Copy Pods Resources";
			outputPaths = (
			);
			runOnlyForDeploymentPostprocessing = 0;
			shellPath = /bin/sh;
			shellScript = "\"${SRCROOT}/Pods/Target Support Files/Pods/Pods-resources.sh\"\n";
			showEnvVarsInLog = 0;
		};
/* End PBXShellScriptBuildPhase section */

/* Begin PBXSourcesBuildPhase section */
		71FB505F1C94579B00771990 /* Sources */ = {
			isa = PBXSourcesBuildPhase;
			buildActionMask = 2147483647;
			files = (
				7137ABC11C963F4D00030DBD /* VMNavigationBar.m in Sources */,
				71FB506B1C94579B00771990 /* AppDelegate.m in Sources */,
				7137ABC41C96EA0200030DBD /* Movie.m in Sources */,
				7137ABA81C95B7D500030DBD /* Const.m in Sources */,
				7137ABBE1C96313B00030DBD /* LatestTableViewController.m in Sources */,
				7137AB811C95991D00030DBD /* EaseStartView.m in Sources */,
				7137ABAE1C95C0D800030DBD /* UIBarButtonItem+Custom.m in Sources */,
				7137ABCD1C96FE5100030DBD /* RatingView.m in Sources */,
				71FB50681C94579B00771990 /* main.m in Sources */,
				7137ABBB1C96312700030DBD /* HotTableViewController.m in Sources */,
				7137AB8A1C95AB2500030DBD /* NewFeatureCell.m in Sources */,
				7137AB841C95A2A200030DBD /* UIView+Frame.m in Sources */,
				7137ABC71C96ED5700030DBD /* MovieCell.m in Sources */,
				7137AB871C95A8BC00030DBD /* NewFeatureViewController.m in Sources */,
				71FB50C71C945C2D00771990 /* HomeViewController.m in Sources */,
				7137ABB51C95C50900030DBD /* VMNavigationController.m in Sources */,
			);
			runOnlyForDeploymentPostprocessing = 0;
		};
		71FB50781C94579B00771990 /* Sources */ = {
			isa = PBXSourcesBuildPhase;
			buildActionMask = 2147483647;
			files = (
				71FB50811C94579B00771990 /* VMovieTests.m in Sources */,
			);
			runOnlyForDeploymentPostprocessing = 0;
		};
		71FB50831C94579B00771990 /* Sources */ = {
			isa = PBXSourcesBuildPhase;
			buildActionMask = 2147483647;
			files = (
				71FB508C1C94579B00771990 /* VMovieUITests.m in Sources */,
			);
			runOnlyForDeploymentPostprocessing = 0;
		};
/* End PBXSourcesBuildPhase section */

/* Begin PBXTargetDependency section */
		71FB507E1C94579B00771990 /* PBXTargetDependency */ = {
			isa = PBXTargetDependency;
			target = 71FB50621C94579B00771990 /* VMovie */;
			targetProxy = 71FB507D1C94579B00771990 /* PBXContainerItemProxy */;
		};
		71FB50891C94579B00771990 /* PBXTargetDependency */ = {
			isa = PBXTargetDependency;
			target = 71FB50621C94579B00771990 /* VMovie */;
			targetProxy = 71FB50881C94579B00771990 /* PBXContainerItemProxy */;
		};
/* End PBXTargetDependency section */

/* Begin XCBuildConfiguration section */
		71FB508E1C94579B00771990 /* Debug */ = {
			isa = XCBuildConfiguration;
			buildSettings = {
				ALWAYS_SEARCH_USER_PATHS = NO;
				CLANG_CXX_LANGUAGE_STANDARD = "gnu++0x";
				CLANG_CXX_LIBRARY = "libc++";
				CLANG_ENABLE_MODULES = YES;
				CLANG_ENABLE_OBJC_ARC = YES;
				CLANG_WARN_BOOL_CONVERSION = YES;
				CLANG_WARN_CONSTANT_CONVERSION = YES;
				CLANG_WARN_DIRECT_OBJC_ISA_USAGE = YES_ERROR;
				CLANG_WARN_EMPTY_BODY = YES;
				CLANG_WARN_ENUM_CONVERSION = YES;
				CLANG_WARN_INT_CONVERSION = YES;
				CLANG_WARN_OBJC_ROOT_CLASS = YES_ERROR;
				CLANG_WARN_UNREACHABLE_CODE = YES;
				CLANG_WARN__DUPLICATE_METHOD_MATCH = YES;
				"CODE_SIGN_IDENTITY[sdk=iphoneos*]" = "iPhone Developer";
				COPY_PHASE_STRIP = NO;
				DEBUG_INFORMATION_FORMAT = dwarf;
				ENABLE_STRICT_OBJC_MSGSEND = YES;
				ENABLE_TESTABILITY = YES;
				GCC_C_LANGUAGE_STANDARD = gnu99;
				GCC_DYNAMIC_NO_PIC = NO;
				GCC_NO_COMMON_BLOCKS = YES;
				GCC_OPTIMIZATION_LEVEL = 0;
				GCC_PREPROCESSOR_DEFINITIONS = (
					"DEBUG=1",
					"$(inherited)",
				);
				GCC_WARN_64_TO_32_BIT_CONVERSION = YES;
				GCC_WARN_ABOUT_RETURN_TYPE = YES_ERROR;
				GCC_WARN_UNDECLARED_SELECTOR = YES;
				GCC_WARN_UNINITIALIZED_AUTOS = YES_AGGRESSIVE;
				GCC_WARN_UNUSED_FUNCTION = YES;
				GCC_WARN_UNUSED_VARIABLE = YES;
				IPHONEOS_DEPLOYMENT_TARGET = 9.2;
				MTL_ENABLE_DEBUG_INFO = YES;
				ONLY_ACTIVE_ARCH = YES;
				SDKROOT = iphoneos;
			};
			name = Debug;
		};
		71FB508F1C94579B00771990 /* Release */ = {
			isa = XCBuildConfiguration;
			buildSettings = {
				ALWAYS_SEARCH_USER_PATHS = NO;
				CLANG_CXX_LANGUAGE_STANDARD = "gnu++0x";
				CLANG_CXX_LIBRARY = "libc++";
				CLANG_ENABLE_MODULES = YES;
				CLANG_ENABLE_OBJC_ARC = YES;
				CLANG_WARN_BOOL_CONVERSION = YES;
				CLANG_WARN_CONSTANT_CONVERSION = YES;
				CLANG_WARN_DIRECT_OBJC_ISA_USAGE = YES_ERROR;
				CLANG_WARN_EMPTY_BODY = YES;
				CLANG_WARN_ENUM_CONVERSION = YES;
				CLANG_WARN_INT_CONVERSION = YES;
				CLANG_WARN_OBJC_ROOT_CLASS = YES_ERROR;
				CLANG_WARN_UNREACHABLE_CODE = YES;
				CLANG_WARN__DUPLICATE_METHOD_MATCH = YES;
				"CODE_SIGN_IDENTITY[sdk=iphoneos*]" = "iPhone Developer";
				COPY_PHASE_STRIP = NO;
				DEBUG_INFORMATION_FORMAT = "dwarf-with-dsym";
				ENABLE_NS_ASSERTIONS = NO;
				ENABLE_STRICT_OBJC_MSGSEND = YES;
				GCC_C_LANGUAGE_STANDARD = gnu99;
				GCC_NO_COMMON_BLOCKS = YES;
				GCC_WARN_64_TO_32_BIT_CONVERSION = YES;
				GCC_WARN_ABOUT_RETURN_TYPE = YES_ERROR;
				GCC_WARN_UNDECLARED_SELECTOR = YES;
				GCC_WARN_UNINITIALIZED_AUTOS = YES_AGGRESSIVE;
				GCC_WARN_UNUSED_FUNCTION = YES;
				GCC_WARN_UNUSED_VARIABLE = YES;
				IPHONEOS_DEPLOYMENT_TARGET = 9.2;
				MTL_ENABLE_DEBUG_INFO = NO;
				SDKROOT = iphoneos;
				VALIDATE_PRODUCT = YES;
			};
			name = Release;
		};
		71FB50911C94579B00771990 /* Debug */ = {
			isa = XCBuildConfiguration;
			baseConfigurationReference = 913C6E2F688A9CAA8275DDD7 /* Pods.debug.xcconfig */;
			buildSettings = {
				ASSETCATALOG_COMPILER_APPICON_NAME = AppIcon;
				ASSETCATALOG_COMPILER_LAUNCHIMAGE_NAME = LaunchImage;
				GCC_PREFIX_HEADER = VMovie/VMovie.pch;
				INFOPLIST_FILE = VMovie/Info.plist;
				IPHONEOS_DEPLOYMENT_TARGET = 8.0;
				LD_RUNPATH_SEARCH_PATHS = "$(inherited) @executable_path/Frameworks";
				PRODUCT_BUNDLE_IDENTIFIER = cn.yz.VMovie;
				PRODUCT_NAME = "$(TARGET_NAME)";
			};
			name = Debug;
		};
		71FB50921C94579B00771990 /* Release */ = {
			isa = XCBuildConfiguration;
			baseConfigurationReference = 444E47E3F1E6E87DFE976AD5 /* Pods.release.xcconfig */;
			buildSettings = {
				ASSETCATALOG_COMPILER_APPICON_NAME = AppIcon;
				ASSETCATALOG_COMPILER_LAUNCHIMAGE_NAME = LaunchImage;
				GCC_PREFIX_HEADER = VMovie/VMovie.pch;
				INFOPLIST_FILE = VMovie/Info.plist;
				IPHONEOS_DEPLOYMENT_TARGET = 8.0;
				LD_RUNPATH_SEARCH_PATHS = "$(inherited) @executable_path/Frameworks";
				PRODUCT_BUNDLE_IDENTIFIER = cn.yz.VMovie;
				PRODUCT_NAME = "$(TARGET_NAME)";
			};
			name = Release;
		};
		71FB50941C94579B00771990 /* Debug */ = {
			isa = XCBuildConfiguration;
			buildSettings = {
				BUNDLE_LOADER = "$(TEST_HOST)";
				INFOPLIST_FILE = VMovieTests/Info.plist;
				LD_RUNPATH_SEARCH_PATHS = "$(inherited) @executable_path/Frameworks @loader_path/Frameworks";
				PRODUCT_BUNDLE_IDENTIFIER = cn.yz.VMovieTests;
				PRODUCT_NAME = "$(TARGET_NAME)";
				TEST_HOST = "$(BUILT_PRODUCTS_DIR)/VMovie.app/VMovie";
			};
			name = Debug;
		};
		71FB50951C94579B00771990 /* Release */ = {
			isa = XCBuildConfiguration;
			buildSettings = {
				BUNDLE_LOADER = "$(TEST_HOST)";
				INFOPLIST_FILE = VMovieTests/Info.plist;
				LD_RUNPATH_SEARCH_PATHS = "$(inherited) @executable_path/Frameworks @loader_path/Frameworks";
				PRODUCT_BUNDLE_IDENTIFIER = cn.yz.VMovieTests;
				PRODUCT_NAME = "$(TARGET_NAME)";
				TEST_HOST = "$(BUILT_PRODUCTS_DIR)/VMovie.app/VMovie";
			};
			name = Release;
		};
		71FB50971C94579B00771990 /* Debug */ = {
			isa = XCBuildConfiguration;
			buildSettings = {
				INFOPLIST_FILE = VMovieUITests/Info.plist;
				LD_RUNPATH_SEARCH_PATHS = "$(inherited) @executable_path/Frameworks @loader_path/Frameworks";
				PRODUCT_BUNDLE_IDENTIFIER = cn.yz.VMovieUITests;
				PRODUCT_NAME = "$(TARGET_NAME)";
				TEST_TARGET_NAME = VMovie;
				USES_XCTRUNNER = YES;
			};
			name = Debug;
		};
		71FB50981C94579B00771990 /* Release */ = {
			isa = XCBuildConfiguration;
			buildSettings = {
				INFOPLIST_FILE = VMovieUITests/Info.plist;
				LD_RUNPATH_SEARCH_PATHS = "$(inherited) @executable_path/Frameworks @loader_path/Frameworks";
				PRODUCT_BUNDLE_IDENTIFIER = cn.yz.VMovieUITests;
				PRODUCT_NAME = "$(TARGET_NAME)";
				TEST_TARGET_NAME = VMovie;
				USES_XCTRUNNER = YES;
			};
			name = Release;
		};
/* End XCBuildConfiguration section */

/* Begin XCConfigurationList section */
		71FB505E1C94579B00771990 /* Build configuration list for PBXProject "VMovie" */ = {
			isa = XCConfigurationList;
			buildConfigurations = (
				71FB508E1C94579B00771990 /* Debug */,
				71FB508F1C94579B00771990 /* Release */,
			);
			defaultConfigurationIsVisible = 0;
			defaultConfigurationName = Release;
		};
		71FB50901C94579B00771990 /* Build configuration list for PBXNativeTarget "VMovie" */ = {
			isa = XCConfigurationList;
			buildConfigurations = (
				71FB50911C94579B00771990 /* Debug */,
				71FB50921C94579B00771990 /* Release */,
			);
			defaultConfigurationIsVisible = 0;
			defaultConfigurationName = Release;
		};
		71FB50931C94579B00771990 /* Build configuration list for PBXNativeTarget "VMovieTests" */ = {
			isa = XCConfigurationList;
			buildConfigurations = (
				71FB50941C94579B00771990 /* Debug */,
				71FB50951C94579B00771990 /* Release */,
			);
			defaultConfigurationIsVisible = 0;
			defaultConfigurationName = Release;
		};
		71FB50961C94579B00771990 /* Build configuration list for PBXNativeTarget "VMovieUITests" */ = {
			isa = XCConfigurationList;
			buildConfigurations = (
				71FB50971C94579B00771990 /* Debug */,
				71FB50981C94579B00771990 /* Release */,
			);
			defaultConfigurationIsVisible = 0;
			defaultConfigurationName = Release;
		};
/* End XCConfigurationList section */
	};
	rootObject = 71FB505B1C94579B00771990 /* Project object */;
}
